
Microsoft Visual Studio Solution File, Format Version 12.00
# Visual Studio Version 17
VisualStudioVersion = 17.2.32526.322
MinimumVisualStudioVersion = 10.0.40219.1
Project("{9A19103F-16F7-4668-BE54-9A1E7A4F7556}") = "BSB", "BSB\BSB.csproj", "{928315F8-7BE4-4F3A-9F30-D93178AA2CD8}"
EndProject
Project("{FAE04EC0-301F-11D3-BF4B-00C04F79EFBC}") = "BSB.DataAccess", "BSB.DataAccess\BSB.DataAccess.csproj", "{81CD0F83-E75C-4B0B-8C0C-4E10C10E154A}"
EndProject
Project("{FAE04EC0-301F-11D3-BF4B-00C04F79EFBC}") = "BSB.Models", "BSB.Models\BSB.Models.csproj", "{43560679-E912-4DF0-AC23-565D6997EB4D}"
EndProject
Project("{FAE04EC0-301F-11D3-BF4B-00C04F79EFBC}") = "BSB.Web", "BSB.Web\BSB.Web.csproj", "{FBB92FA8-EB5A-458D-B8AF-D8447128FBF7}"
EndProject
Project("{FAE04EC0-301F-11D3-BF4B-00C04F79EFBC}") = "BSB.BL", "BSB.BL\BSB.BL.csproj", "{703BD121-8805-4533-879A-6AEDB296997A}"
EndProject
Global
	GlobalSection(SolutionConfigurationPlatforms) = preSolution
		Debug|Any CPU = Debug|Any CPU
		Release|Any CPU = Release|Any CPU
	EndGlobalSection
	GlobalSection(ProjectConfigurationPlatforms) = postSolution
		{928315F8-7BE4-4F3A-9F30-D93178AA2CD8}.Debug|Any CPU.ActiveCfg = Debug|Any CPU
		{928315F8-7BE4-4F3A-9F30-D93178AA2CD8}.Debug|Any CPU.Build.0 = Debug|Any CPU
		{928315F8-7BE4-4F3A-9F30-D93178AA2CD8}.Release|Any CPU.ActiveCfg = Release|Any CPU
		{928315F8-7BE4-4F3A-9F30-D93178AA2CD8}.Release|Any CPU.Build.0 = Release|Any CPU
		{81CD0F83-E75C-4B0B-8C0C-4E10C10E154A}.Debug|Any CPU.ActiveCfg = Debug|Any CPU
		{81CD0F83-E75C-4B0B-8C0C-4E10C10E154A}.Debug|Any CPU.Build.0 = Debug|Any CPU
		{81CD0F83-E75C-4B0B-8C0C-4E10C10E154A}.Release|Any CPU.ActiveCfg = Release|Any CPU
		{81CD0F83-E75C-4B0B-8C0C-4E10C10E154A}.Release|Any CPU.Build.0 = Release|Any CPU
		{43560679-E912-4DF0-AC23-565D6997EB4D}.Debug|Any CPU.ActiveCfg = Debug|Any CPU
		{43560679-E912-4DF0-AC23-565D6997EB4D}.Debug|Any CPU.Build.0 = Debug|Any CPU
		{43560679-E912-4DF0-AC23-565D6997EB4D}.Release|Any CPU.ActiveCfg = Release|Any CPU
		{43560679-E912-4DF0-AC23-565D6997EB4D}.Release|Any CPU.Build.0 = Release|Any CPU
		{FBB92FA8-EB5A-458D-B8AF-D8447128FBF7}.Debug|Any CPU.ActiveCfg = Debug|Any CPU
		{FBB92FA8-EB5A-458D-B8AF-D8447128FBF7}.Debug|Any CPU.Build.0 = Debug|Any CPU
		{FBB92FA8-EB5A-458D-B8AF-D8447128FBF7}.Release|Any CPU.ActiveCfg = Release|Any CPU
		{FBB92FA8-EB5A-458D-B8AF-D8447128FBF7}.Release|Any CPU.Build.0 = Release|Any CPU
		{703BD121-8805-4533-879A-6AEDB296997A}.Debug|Any CPU.ActiveCfg = Debug|Any CPU
		{703BD121-8805-4533-879A-6AEDB296997A}.Debug|Any CPU.Build.0 = Debug|Any CPU
		{703BD121-8805-4533-879A-6AEDB296997A}.Release|Any CPU.ActiveCfg = Release|Any CPU
		{703BD121-8805-4533-879A-6AEDB296997A}.Release|Any CPU.Build.0 = Release|Any CPU
	EndGlobalSection
	GlobalSection(SolutionProperties) = preSolution
		HideSolutionNode = FALSE
	EndGlobalSection
	GlobalSection(ExtensibilityGlobals) = postSolution
		SolutionGuid = {97DD46F8-65E5-40E3-AF44-35C2F4E80380}
	EndGlobalSection
EndGlobal
